
Microsoft Visual Studio Solution File, Format Version 12.00
# Visual Studio Version 16
VisualStudioVersion = 16.0.31702.278
MinimumVisualStudioVersion = 10.0.40219.1
Project("{FAE04EC0-301F-11D3-BF4B-00C04F79EFBC}") = "WpfApp11", "WpfApp11\WpfApp11.csproj", "{51AC50DC-8AF8-4AF1-AEE6-01A0664F4F3A}"
EndProject
Project("{FAE04EC0-301F-11D3-BF4B-00C04F79EFBC}") = "WpfApp11.2", "WpfApp11.2\WpfApp11.2.csproj", "{0288B85B-DA76-4F43-B8E4-7AB8BF5F8E4D}"
EndProject
Global
	GlobalSection(SolutionConfigurationPlatforms) = preSolution
		Debug|Any CPU = Debug|Any CPU
		Release|Any CPU = Release|Any CPU
	EndGlobalSection
	GlobalSection(ProjectConfigurationPlatforms) = postSolution
		{51AC50DC-8AF8-4AF1-AEE6-01A0664F4F3A}.Debug|Any CPU.ActiveCfg = Debug|Any CPU
		{51AC50DC-8AF8-4AF1-AEE6-01A0664F4F3A}.Debug|Any CPU.Build.0 = Debug|Any CPU
		{51AC50DC-8AF8-4AF1-AEE6-01A0664F4F3A}.Release|Any CPU.ActiveCfg = Release|Any CPU
		{51AC50DC-8AF8-4AF1-AEE6-01A0664F4F3A}.Release|Any CPU.Build.0 = Release|Any CPU
		{0288B85B-DA76-4F43-B8E4-7AB8BF5F8E4D}.Debug|Any CPU.ActiveCfg = Debug|Any CPU
		{0288B85B-DA76-4F43-B8E4-7AB8BF5F8E4D}.Debug|Any CPU.Build.0 = Debug|Any CPU
		{0288B85B-DA76-4F43-B8E4-7AB8BF5F8E4D}.Release|Any CPU.ActiveCfg = Release|Any CPU
		{0288B85B-DA76-4F43-B8E4-7AB8BF5F8E4D}.Release|Any CPU.Build.0 = Release|Any CPU
	EndGlobalSection
	GlobalSection(SolutionProperties) = preSolution
		HideSolutionNode = FALSE
	EndGlobalSection
	GlobalSection(ExtensibilityGlobals) = postSolution
		SolutionGuid = {1D9FC902-6284-416B-B424-40115F872A86}
	EndGlobalSection
EndGlobal
